# THIS IS AN AUTOGENERATED FILE. DO NOT EDIT THIS FILE DIRECTLY.
# yarn lockfile v1


commander@~2.20.3:
  version "2.20.3"
  resolved "https://registry.npmjs.org/commander/-/commander-2.20.3.tgz"

handlebars@^4.3.0:
  version "4.7.7"
  resolved "https://registry.yarnpkg.com/handlebars/-/handlebars-4.7.7.tgz#9ce33416aad02dbd6c8fafa8240d5d98004945a1"
  dependencies:
    minimist "^1.2.5"
    neo-async "^2.6.0"
    source-map "^0.6.1"
    wordwrap "^1.0.0"
  optionalDependencies:
    uglify-js "^3.1.4"

just-handlebars-helpers@^1.0.18:
  version "1.0.18"
  resolved "https://registry.npmjs.org/just-handlebars-helpers/-/just-handlebars-helpers-1.0.18.tgz"

minimist@^1.2.5:
  version "1.2.6"
  resolved "https://registry.yarnpkg.com/minimist/-/minimist-1.2.6.tgz#8637a5b759ea0d6e98702cfb3a9283323c93af44"

neo-async@^2.6.0:
  version "2.6.1"
  resolved "https://registry.npmjs.org/neo-async/-/neo-async-2.6.1.tgz"

source-map@^0.6.1, source-map@~0.6.1:
  version "0.6.1"
  resolved "https://registry.npmjs.org/source-map/-/source-map-0.6.1.tgz"

uglify-js@^3.1.4:
  version "3.8.0"
  resolved "https://registry.npmjs.org/uglify-js/-/uglify-js-3.8.0.tgz"
  dependencies:
    commander "~2.20.3"
    source-map "~0.6.1"

wordwrap@^1.0.0:
  version "1.0.0"
  resolved "https://registry.yarnpkg.com/wordwrap/-/wordwrap-1.0.0.tgz#27584810891456a4171c8d0226441ade90cbcaeb"
